
Microsoft Visual Studio Solution File, Format Version 12.00
# Visual Studio 14
VisualStudioVersion = 14.0.22823.1
MinimumVisualStudioVersion = 10.0.40219.1
Project("{8BC9CEB8-8B4A-11D0-8D11-00A0C91BC942}") = "SDLSkeleton", "WinRT10_VS2015\SDLSkeleton.vcxproj", "{3183A558-46F4-4FEF-8684-0A79B793599F}"
EndProject
Project("{8BC9CEB8-8B4A-11D0-8D11-00A0C91BC942}") = "SDL2-WinRT10", "..\..\sdl\VisualC-WinRT\WinRT10_VS2015\SDL-WinRT10.vcxproj", "{89E9B32E-A86A-47C3-A948-D2B1622925CE}"
EndProject
Project("{8BC9CEB8-8B4A-11D0-8D11-00A0C91BC942}") = "Gears", "..\..\Gears\Gears.vcxproj", "{41F0AC88-A0A7-4307-A7F3-3F3B69987DB5}"
EndProject
Project("{2150E333-8FDC-42A3-9474-1A3956D46DE8}") = "ANGLE", "ANGLE", "{5D818978-8859-4CD6-A9C8-8393D9E87B62}"
EndProject
Project("{8BC9CEB8-8B4A-11D0-8D11-00A0C91BC942}") = "libGLESv2", "..\..\angle\winrt\UWP\libGLESv2\libGLESv2.vcxproj", "{7835A047-5F8E-4C4B-B5BE-5AFC59C99850}"
EndProject
Project("{8BC9CEB8-8B4A-11D0-8D11-00A0C91BC942}") = "libEGL", "..\..\angle\winrt\UWP\libEGL\libEGL.vcxproj", "{8ABA6C60-4122-47E3-B010-079C3226EC76}"
EndProject
Project("{8BC9CEB8-8B4A-11D0-8D11-00A0C91BC942}") = "angle_common", "..\..\angle\winrt\UWP\angle_common\angle_common.vcxproj", "{040D1361-5A73-43F4-96E4-05675D776D1B}"
EndProject
Project("{8BC9CEB8-8B4A-11D0-8D11-00A0C91BC942}") = "libANGLE", "..\..\angle\winrt\UWP\libANGLE\libANGLE.vcxproj", "{64BD7542-1822-4B89-9A16-8916D5D620D8}"
EndProject
Project("{8BC9CEB8-8B4A-11D0-8D11-00A0C91BC942}") = "preprocessor", "..\..\angle\winrt\UWP\preprocessor\preprocessor.vcxproj", "{DFBB2CD1-963B-4698-B302-A7817106FBE5}"
EndProject
Project("{8BC9CEB8-8B4A-11D0-8D11-00A0C91BC942}") = "translator", "..\..\angle\winrt\UWP\translator\translator.vcxproj", "{F8146843-907F-45E7-9B16-C6489F45B5C8}"
EndProject
Project("{8BC9CEB8-8B4A-11D0-8D11-00A0C91BC942}") = "TestANGLE", "..\..\TestANGLE\TestANGLE.vcxproj", "{D7206127-E5CA-4EBB-9B3C-B3E440EF6E19}"
EndProject
Global
	GlobalSection(SolutionConfigurationPlatforms) = preSolution
		Debug|ARM = Debug|ARM
		Debug|x64 = Debug|x64
		Debug|x86 = Debug|x86
		Release|ARM = Release|ARM
		Release|x64 = Release|x64
		Release|x86 = Release|x86
	EndGlobalSection
	GlobalSection(ProjectConfigurationPlatforms) = postSolution
		{3183A558-46F4-4FEF-8684-0A79B793599F}.Debug|ARM.ActiveCfg = Debug|ARM
		{3183A558-46F4-4FEF-8684-0A79B793599F}.Debug|ARM.Build.0 = Debug|ARM
		{3183A558-46F4-4FEF-8684-0A79B793599F}.Debug|ARM.Deploy.0 = Debug|ARM
		{3183A558-46F4-4FEF-8684-0A79B793599F}.Debug|x64.ActiveCfg = Debug|x64
		{3183A558-46F4-4FEF-8684-0A79B793599F}.Debug|x64.Build.0 = Debug|x64
		{3183A558-46F4-4FEF-8684-0A79B793599F}.Debug|x64.Deploy.0 = Debug|x64
		{3183A558-46F4-4FEF-8684-0A79B793599F}.Debug|x86.ActiveCfg = Debug|Win32
		{3183A558-46F4-4FEF-8684-0A79B793599F}.Debug|x86.Build.0 = Debug|Win32
		{3183A558-46F4-4FEF-8684-0A79B793599F}.Debug|x86.Deploy.0 = Debug|Win32
		{3183A558-46F4-4FEF-8684-0A79B793599F}.Release|ARM.ActiveCfg = Release|ARM
		{3183A558-46F4-4FEF-8684-0A79B793599F}.Release|ARM.Build.0 = Release|ARM
		{3183A558-46F4-4FEF-8684-0A79B793599F}.Release|ARM.Deploy.0 = Release|ARM
		{3183A558-46F4-4FEF-8684-0A79B793599F}.Release|x64.ActiveCfg = Release|x64
		{3183A558-46F4-4FEF-8684-0A79B793599F}.Release|x64.Build.0 = Release|x64
		{3183A558-46F4-4FEF-8684-0A79B793599F}.Release|x64.Deploy.0 = Release|x64
		{3183A558-46F4-4FEF-8684-0A79B793599F}.Release|x86.ActiveCfg = Release|Win32
		{3183A558-46F4-4FEF-8684-0A79B793599F}.Release|x86.Build.0 = Release|Win32
		{3183A558-46F4-4FEF-8684-0A79B793599F}.Release|x86.Deploy.0 = Release|Win32
		{89E9B32E-A86A-47C3-A948-D2B1622925CE}.Debug|ARM.ActiveCfg = Debug|ARM
		{89E9B32E-A86A-47C3-A948-D2B1622925CE}.Debug|ARM.Build.0 = Debug|ARM
		{89E9B32E-A86A-47C3-A948-D2B1622925CE}.Debug|x64.ActiveCfg = Debug|x64
		{89E9B32E-A86A-47C3-A948-D2B1622925CE}.Debug|x64.Build.0 = Debug|x64
		{89E9B32E-A86A-47C3-A948-D2B1622925CE}.Debug|x86.ActiveCfg = Debug|Win32
		{89E9B32E-A86A-47C3-A948-D2B1622925CE}.Debug|x86.Build.0 = Debug|Win32
		{89E9B32E-A86A-47C3-A948-D2B1622925CE}.Release|ARM.ActiveCfg = Release|ARM
		{89E9B32E-A86A-47C3-A948-D2B1622925CE}.Release|ARM.Build.0 = Release|ARM
		{89E9B32E-A86A-47C3-A948-D2B1622925CE}.Release|x64.ActiveCfg = Release|x64
		{89E9B32E-A86A-47C3-A948-D2B1622925CE}.Release|x64.Build.0 = Release|x64
		{89E9B32E-A86A-47C3-A948-D2B1622925CE}.Release|x86.ActiveCfg = Release|Win32
		{89E9B32E-A86A-47C3-A948-D2B1622925CE}.Release|x86.Build.0 = Release|Win32
		{41F0AC88-A0A7-4307-A7F3-3F3B69987DB5}.Debug|ARM.ActiveCfg = Debug|ARM
		{41F0AC88-A0A7-4307-A7F3-3F3B69987DB5}.Debug|ARM.Build.0 = Debug|ARM
		{41F0AC88-A0A7-4307-A7F3-3F3B69987DB5}.Debug|ARM.Deploy.0 = Debug|ARM
		{41F0AC88-A0A7-4307-A7F3-3F3B69987DB5}.Debug|x64.ActiveCfg = Debug|x64
		{41F0AC88-A0A7-4307-A7F3-3F3B69987DB5}.Debug|x64.Build.0 = Debug|x64
		{41F0AC88-A0A7-4307-A7F3-3F3B69987DB5}.Debug|x64.Deploy.0 = Debug|x64
		{41F0AC88-A0A7-4307-A7F3-3F3B69987DB5}.Debug|x86.ActiveCfg = Debug|Win32
		{41F0AC88-A0A7-4307-A7F3-3F3B69987DB5}.Debug|x86.Build.0 = Debug|Win32
		{41F0AC88-A0A7-4307-A7F3-3F3B69987DB5}.Debug|x86.Deploy.0 = Debug|Win32
		{41F0AC88-A0A7-4307-A7F3-3F3B69987DB5}.Release|ARM.ActiveCfg = Release|ARM
		{41F0AC88-A0A7-4307-A7F3-3F3B69987DB5}.Release|ARM.Build.0 = Release|ARM
		{41F0AC88-A0A7-4307-A7F3-3F3B69987DB5}.Release|ARM.Deploy.0 = Release|ARM
		{41F0AC88-A0A7-4307-A7F3-3F3B69987DB5}.Release|x64.ActiveCfg = Release|x64
		{41F0AC88-A0A7-4307-A7F3-3F3B69987DB5}.Release|x64.Build.0 = Release|x64
		{41F0AC88-A0A7-4307-A7F3-3F3B69987DB5}.Release|x64.Deploy.0 = Release|x64
		{41F0AC88-A0A7-4307-A7F3-3F3B69987DB5}.Release|x86.ActiveCfg = Release|Win32
		{41F0AC88-A0A7-4307-A7F3-3F3B69987DB5}.Release|x86.Build.0 = Release|Win32
		{41F0AC88-A0A7-4307-A7F3-3F3B69987DB5}.Release|x86.Deploy.0 = Release|Win32
		{7835A047-5F8E-4C4B-B5BE-5AFC59C99850}.Debug|ARM.ActiveCfg = Debug|ARM
		{7835A047-5F8E-4C4B-B5BE-5AFC59C99850}.Debug|ARM.Build.0 = Debug|ARM
		{7835A047-5F8E-4C4B-B5BE-5AFC59C99850}.Debug|x64.ActiveCfg = Debug|x64
		{7835A047-5F8E-4C4B-B5BE-5AFC59C99850}.Debug|x64.Build.0 = Debug|x64
		{7835A047-5F8E-4C4B-B5BE-5AFC59C99850}.Debug|x86.ActiveCfg = Debug|Win32
		{7835A047-5F8E-4C4B-B5BE-5AFC59C99850}.Debug|x86.Build.0 = Debug|Win32
		{7835A047-5F8E-4C4B-B5BE-5AFC59C99850}.Release|ARM.ActiveCfg = Release|ARM
		{7835A047-5F8E-4C4B-B5BE-5AFC59C99850}.Release|ARM.Build.0 = Release|ARM
		{7835A047-5F8E-4C4B-B5BE-5AFC59C99850}.Release|x64.ActiveCfg = Release|x64
		{7835A047-5F8E-4C4B-B5BE-5AFC59C99850}.Release|x64.Build.0 = Release|x64
		{7835A047-5F8E-4C4B-B5BE-5AFC59C99850}.Release|x86.ActiveCfg = Release|Win32
		{7835A047-5F8E-4C4B-B5BE-5AFC59C99850}.Release|x86.Build.0 = Release|Win32
		{8ABA6C60-4122-47E3-B010-079C3226EC76}.Debug|ARM.ActiveCfg = Debug|ARM
		{8ABA6C60-4122-47E3-B010-079C3226EC76}.Debug|ARM.Build.0 = Debug|ARM
		{8ABA6C60-4122-47E3-B010-079C3226EC76}.Debug|x64.ActiveCfg = Debug|x64
		{8ABA6C60-4122-47E3-B010-079C3226EC76}.Debug|x64.Build.0 = Debug|x64
		{8ABA6C60-4122-47E3-B010-079C3226EC76}.Debug|x86.ActiveCfg = Debug|Win32
		{8ABA6C60-4122-47E3-B010-079C3226EC76}.Debug|x86.Build.0 = Debug|Win32
		{8ABA6C60-4122-47E3-B010-079C3226EC76}.Release|ARM.ActiveCfg = Release|ARM
		{8ABA6C60-4122-47E3-B010-079C3226EC76}.Release|ARM.Build.0 = Release|ARM
		{8ABA6C60-4122-47E3-B010-079C3226EC76}.Release|x64.ActiveCfg = Release|x64
		{8ABA6C60-4122-47E3-B010-079C3226EC76}.Release|x64.Build.0 = Release|x64
		{8ABA6C60-4122-47E3-B010-079C3226EC76}.Release|x86.ActiveCfg = Release|Win32
		{8ABA6C60-4122-47E3-B010-079C3226EC76}.Release|x86.Build.0 = Release|Win32
		{040D1361-5A73-43F4-96E4-05675D776D1B}.Debug|ARM.ActiveCfg = Debug|ARM
		{040D1361-5A73-43F4-96E4-05675D776D1B}.Debug|ARM.Build.0 = Debug|ARM
		{040D1361-5A73-43F4-96E4-05675D776D1B}.Debug|x64.ActiveCfg = Debug|x64
		{040D1361-5A73-43F4-96E4-05675D776D1B}.Debug|x64.Build.0 = Debug|x64
		{040D1361-5A73-43F4-96E4-05675D776D1B}.Debug|x86.ActiveCfg = Debug|Win32
		{040D1361-5A73-43F4-96E4-05675D776D1B}.Debug|x86.Build.0 = Debug|Win32
		{040D1361-5A73-43F4-96E4-05675D776D1B}.Release|ARM.ActiveCfg = Release|ARM
		{040D1361-5A73-43F4-96E4-05675D776D1B}.Release|ARM.Build.0 = Release|ARM
		{040D1361-5A73-43F4-96E4-05675D776D1B}.Release|x64.ActiveCfg = Release|x64
		{040D1361-5A73-43F4-96E4-05675D776D1B}.Release|x64.Build.0 = Release|x64
		{040D1361-5A73-43F4-96E4-05675D776D1B}.Release|x86.ActiveCfg = Release|Win32
		{040D1361-5A73-43F4-96E4-05675D776D1B}.Release|x86.Build.0 = Release|Win32
		{64BD7542-1822-4B89-9A16-8916D5D620D8}.Debug|ARM.ActiveCfg = Debug|ARM
		{64BD7542-1822-4B89-9A16-8916D5D620D8}.Debug|ARM.Build.0 = Debug|ARM
		{64BD7542-1822-4B89-9A16-8916D5D620D8}.Debug|x64.ActiveCfg = Debug|x64
		{64BD7542-1822-4B89-9A16-8916D5D620D8}.Debug|x64.Build.0 = Debug|x64
		{64BD7542-1822-4B89-9A16-8916D5D620D8}.Debug|x86.ActiveCfg = Debug|Win32
		{64BD7542-1822-4B89-9A16-8916D5D620D8}.Debug|x86.Build.0 = Debug|Win32
		{64BD7542-1822-4B89-9A16-8916D5D620D8}.Release|ARM.ActiveCfg = Release|ARM
		{64BD7542-1822-4B89-9A16-8916D5D620D8}.Release|ARM.Build.0 = Release|ARM
		{64BD7542-1822-4B89-9A16-8916D5D620D8}.Release|x64.ActiveCfg = Release|x64
		{64BD7542-1822-4B89-9A16-8916D5D620D8}.Release|x64.Build.0 = Release|x64
		{64BD7542-1822-4B89-9A16-8916D5D620D8}.Release|x86.ActiveCfg = Release|Win32
		{64BD7542-1822-4B89-9A16-8916D5D620D8}.Release|x86.Build.0 = Release|Win32
		{DFBB2CD1-963B-4698-B302-A7817106FBE5}.Debug|ARM.ActiveCfg = Debug|ARM
		{DFBB2CD1-963B-4698-B302-A7817106FBE5}.Debug|ARM.Build.0 = Debug|ARM
		{DFBB2CD1-963B-4698-B302-A7817106FBE5}.Debug|x64.ActiveCfg = Debug|x64
		{DFBB2CD1-963B-4698-B302-A7817106FBE5}.Debug|x64.Build.0 = Debug|x64
		{DFBB2CD1-963B-4698-B302-A7817106FBE5}.Debug|x86.ActiveCfg = Debug|Win32
		{DFBB2CD1-963B-4698-B302-A7817106FBE5}.Debug|x86.Build.0 = Debug|Win32
		{DFBB2CD1-963B-4698-B302-A7817106FBE5}.Release|ARM.ActiveCfg = Release|ARM
		{DFBB2CD1-963B-4698-B302-A7817106FBE5}.Release|ARM.Build.0 = Release|ARM
		{DFBB2CD1-963B-4698-B302-A7817106FBE5}.Release|x64.ActiveCfg = Release|x64
		{DFBB2CD1-963B-4698-B302-A7817106FBE5}.Release|x64.Build.0 = Release|x64
		{DFBB2CD1-963B-4698-B302-A7817106FBE5}.Release|x86.ActiveCfg = Release|Win32
		{DFBB2CD1-963B-4698-B302-A7817106FBE5}.Release|x86.Build.0 = Release|Win32
		{F8146843-907F-45E7-9B16-C6489F45B5C8}.Debug|ARM.ActiveCfg = Debug|ARM
		{F8146843-907F-45E7-9B16-C6489F45B5C8}.Debug|ARM.Build.0 = Debug|ARM
		{F8146843-907F-45E7-9B16-C6489F45B5C8}.Debug|x64.ActiveCfg = Debug|x64
		{F8146843-907F-45E7-9B16-C6489F45B5C8}.Debug|x64.Build.0 = Debug|x64
		{F8146843-907F-45E7-9B16-C6489F45B5C8}.Debug|x86.ActiveCfg = Debug|Win32
		{F8146843-907F-45E7-9B16-C6489F45B5C8}.Debug|x86.Build.0 = Debug|Win32
		{F8146843-907F-45E7-9B16-C6489F45B5C8}.Release|ARM.ActiveCfg = Release|ARM
		{F8146843-907F-45E7-9B16-C6489F45B5C8}.Release|ARM.Build.0 = Release|ARM
		{F8146843-907F-45E7-9B16-C6489F45B5C8}.Release|x64.ActiveCfg = Release|x64
		{F8146843-907F-45E7-9B16-C6489F45B5C8}.Release|x64.Build.0 = Release|x64
		{F8146843-907F-45E7-9B16-C6489F45B5C8}.Release|x86.ActiveCfg = Release|Win32
		{F8146843-907F-45E7-9B16-C6489F45B5C8}.Release|x86.Build.0 = Release|Win32
		{D7206127-E5CA-4EBB-9B3C-B3E440EF6E19}.Debug|ARM.ActiveCfg = Debug|ARM
		{D7206127-E5CA-4EBB-9B3C-B3E440EF6E19}.Debug|ARM.Build.0 = Debug|ARM
		{D7206127-E5CA-4EBB-9B3C-B3E440EF6E19}.Debug|ARM.Deploy.0 = Debug|ARM
		{D7206127-E5CA-4EBB-9B3C-B3E440EF6E19}.Debug|x64.ActiveCfg = Debug|x64
		{D7206127-E5CA-4EBB-9B3C-B3E440EF6E19}.Debug|x64.Build.0 = Debug|x64
		{D7206127-E5CA-4EBB-9B3C-B3E440EF6E19}.Debug|x64.Deploy.0 = Debug|x64
		{D7206127-E5CA-4EBB-9B3C-B3E440EF6E19}.Debug|x86.ActiveCfg = Debug|Win32
		{D7206127-E5CA-4EBB-9B3C-B3E440EF6E19}.Debug|x86.Build.0 = Debug|Win32
		{D7206127-E5CA-4EBB-9B3C-B3E440EF6E19}.Debug|x86.Deploy.0 = Debug|Win32
		{D7206127-E5CA-4EBB-9B3C-B3E440EF6E19}.Release|ARM.ActiveCfg = Release|ARM
		{D7206127-E5CA-4EBB-9B3C-B3E440EF6E19}.Release|ARM.Build.0 = Release|ARM
		{D7206127-E5CA-4EBB-9B3C-B3E440EF6E19}.Release|ARM.Deploy.0 = Release|ARM
		{D7206127-E5CA-4EBB-9B3C-B3E440EF6E19}.Release|x64.ActiveCfg = Release|x64
		{D7206127-E5CA-4EBB-9B3C-B3E440EF6E19}.Release|x64.Build.0 = Release|x64
		{D7206127-E5CA-4EBB-9B3C-B3E440EF6E19}.Release|x64.Deploy.0 = Release|x64
		{D7206127-E5CA-4EBB-9B3C-B3E440EF6E19}.Release|x86.ActiveCfg = Release|Win32
		{D7206127-E5CA-4EBB-9B3C-B3E440EF6E19}.Release|x86.Build.0 = Release|Win32
		{D7206127-E5CA-4EBB-9B3C-B3E440EF6E19}.Release|x86.Deploy.0 = Release|Win32
	EndGlobalSection
	GlobalSection(SolutionProperties) = preSolution
		HideSolutionNode = FALSE
	EndGlobalSection
	GlobalSection(NestedProjects) = preSolution
		{7835A047-5F8E-4C4B-B5BE-5AFC59C99850} = {5D818978-8859-4CD6-A9C8-8393D9E87B62}
		{8ABA6C60-4122-47E3-B010-079C3226EC76} = {5D818978-8859-4CD6-A9C8-8393D9E87B62}
		{040D1361-5A73-43F4-96E4-05675D776D1B} = {5D818978-8859-4CD6-A9C8-8393D9E87B62}
		{64BD7542-1822-4B89-9A16-8916D5D620D8} = {5D818978-8859-4CD6-A9C8-8393D9E87B62}
		{DFBB2CD1-963B-4698-B302-A7817106FBE5} = {5D818978-8859-4CD6-A9C8-8393D9E87B62}
		{F8146843-907F-45E7-9B16-C6489F45B5C8} = {5D818978-8859-4CD6-A9C8-8393D9E87B62}
	EndGlobalSection
EndGlobal
