
Microsoft Visual Studio Solution File, Format Version 12.00
# Visual Studio 14
VisualStudioVersion = 14.0.22823.1
MinimumVisualStudioVersion = 10.0.40219.1
Project("{8BC9CEB8-8B4A-11D0-8D11-00A0C91BC942}") = "SDL2-WinRT10", "SDL-WinRT10.vcxproj", "{89E9B32E-A86A-47C3-A948-D2B1622925CE}"
EndProject
Project("{8BC9CEB8-8B4A-11D0-8D11-00A0C91BC942}") = "Gears", "..\Gears\Gears.vcxproj", "{445B11DC-5794-4656-B38E-5CAA8E2E5FC0}"
EndProject
Project("{2150E333-8FDC-42A3-9474-1A3956D46DE8}") = "ANGLE", "ANGLE", "{7A618F73-B5B1-48B5-9694-0CA3FB65AE33}"
EndProject
Project("{8BC9CEB8-8B4A-11D0-8D11-00A0C91BC942}") = "angle_common", "..\..\angle\winrt\10\src\angle_common.vcxproj", "{7E3E300C-E43E-45E3-7AFE-6C728B705A32}"
EndProject
Project("{8BC9CEB8-8B4A-11D0-8D11-00A0C91BC942}") = "libANGLE", "..\..\angle\winrt\10\src\libANGLE.vcxproj", "{ABEF057D-44A3-6E92-15DC-03A220AF6AFC}"
EndProject
Project("{8BC9CEB8-8B4A-11D0-8D11-00A0C91BC942}") = "preprocessor", "..\..\angle\winrt\10\src\preprocessor.vcxproj", "{DBFED762-09FA-6D74-851D-9BB6E20584F6}"
EndProject
Project("{8BC9CEB8-8B4A-11D0-8D11-00A0C91BC942}") = "translator_lib", "..\..\angle\winrt\10\src\translator_lib.vcxproj", "{D42E649A-16F0-F02E-C9E0-4700295D3C78}"
EndProject
Project("{8BC9CEB8-8B4A-11D0-8D11-00A0C91BC942}") = "translator_static", "..\..\angle\winrt\10\src\translator_static.vcxproj", "{195002A7-E979-7387-6C9C-CFFF03DB1775}"
EndProject
Project("{8BC9CEB8-8B4A-11D0-8D11-00A0C91BC942}") = "libGLESv2", "..\..\angle\winrt\10\src\libGLESv2.vcxproj", "{5CF061C0-EA5A-323E-2FFB-145A0C3D60A5}"
EndProject
Project("{8BC9CEB8-8B4A-11D0-8D11-00A0C91BC942}") = "libEGL", "..\..\angle\winrt\10\src\libEGL.vcxproj", "{229C8CCC-D35C-ECDB-2B0C-27EE2CAC295B}"
EndProject
Global
	GlobalSection(SolutionConfigurationPlatforms) = preSolution
		Debug|ARM = Debug|ARM
		Debug|x64 = Debug|x64
		Debug|x86 = Debug|x86
		Release|ARM = Release|ARM
		Release|x64 = Release|x64
		Release|x86 = Release|x86
	EndGlobalSection
	GlobalSection(ProjectConfigurationPlatforms) = postSolution
		{89E9B32E-A86A-47C3-A948-D2B1622925CE}.Debug|ARM.ActiveCfg = Debug|ARM
		{89E9B32E-A86A-47C3-A948-D2B1622925CE}.Debug|ARM.Build.0 = Debug|ARM
		{89E9B32E-A86A-47C3-A948-D2B1622925CE}.Debug|x64.ActiveCfg = Debug|x64
		{89E9B32E-A86A-47C3-A948-D2B1622925CE}.Debug|x64.Build.0 = Debug|x64
		{89E9B32E-A86A-47C3-A948-D2B1622925CE}.Debug|x86.ActiveCfg = Debug|Win32
		{89E9B32E-A86A-47C3-A948-D2B1622925CE}.Debug|x86.Build.0 = Debug|Win32
		{89E9B32E-A86A-47C3-A948-D2B1622925CE}.Release|ARM.ActiveCfg = Release|ARM
		{89E9B32E-A86A-47C3-A948-D2B1622925CE}.Release|ARM.Build.0 = Release|ARM
		{89E9B32E-A86A-47C3-A948-D2B1622925CE}.Release|x64.ActiveCfg = Release|x64
		{89E9B32E-A86A-47C3-A948-D2B1622925CE}.Release|x64.Build.0 = Release|x64
		{89E9B32E-A86A-47C3-A948-D2B1622925CE}.Release|x86.ActiveCfg = Release|Win32
		{89E9B32E-A86A-47C3-A948-D2B1622925CE}.Release|x86.Build.0 = Release|Win32
		{445B11DC-5794-4656-B38E-5CAA8E2E5FC0}.Debug|ARM.ActiveCfg = Debug|ARM
		{445B11DC-5794-4656-B38E-5CAA8E2E5FC0}.Debug|ARM.Build.0 = Debug|ARM
		{445B11DC-5794-4656-B38E-5CAA8E2E5FC0}.Debug|ARM.Deploy.0 = Debug|ARM
		{445B11DC-5794-4656-B38E-5CAA8E2E5FC0}.Debug|x64.ActiveCfg = Debug|x64
		{445B11DC-5794-4656-B38E-5CAA8E2E5FC0}.Debug|x64.Build.0 = Debug|x64
		{445B11DC-5794-4656-B38E-5CAA8E2E5FC0}.Debug|x64.Deploy.0 = Debug|x64
		{445B11DC-5794-4656-B38E-5CAA8E2E5FC0}.Debug|x86.ActiveCfg = Debug|Win32
		{445B11DC-5794-4656-B38E-5CAA8E2E5FC0}.Debug|x86.Build.0 = Debug|Win32
		{445B11DC-5794-4656-B38E-5CAA8E2E5FC0}.Debug|x86.Deploy.0 = Debug|Win32
		{445B11DC-5794-4656-B38E-5CAA8E2E5FC0}.Release|ARM.ActiveCfg = Release|ARM
		{445B11DC-5794-4656-B38E-5CAA8E2E5FC0}.Release|ARM.Build.0 = Release|ARM
		{445B11DC-5794-4656-B38E-5CAA8E2E5FC0}.Release|ARM.Deploy.0 = Release|ARM
		{445B11DC-5794-4656-B38E-5CAA8E2E5FC0}.Release|x64.ActiveCfg = Release|x64
		{445B11DC-5794-4656-B38E-5CAA8E2E5FC0}.Release|x64.Build.0 = Release|x64
		{445B11DC-5794-4656-B38E-5CAA8E2E5FC0}.Release|x64.Deploy.0 = Release|x64
		{445B11DC-5794-4656-B38E-5CAA8E2E5FC0}.Release|x86.ActiveCfg = Release|Win32
		{445B11DC-5794-4656-B38E-5CAA8E2E5FC0}.Release|x86.Build.0 = Release|Win32
		{445B11DC-5794-4656-B38E-5CAA8E2E5FC0}.Release|x86.Deploy.0 = Release|Win32
		{7E3E300C-E43E-45E3-7AFE-6C728B705A32}.Debug|ARM.ActiveCfg = Debug|ARM
		{7E3E300C-E43E-45E3-7AFE-6C728B705A32}.Debug|ARM.Build.0 = Debug|ARM
		{7E3E300C-E43E-45E3-7AFE-6C728B705A32}.Debug|x64.ActiveCfg = Debug|x64
		{7E3E300C-E43E-45E3-7AFE-6C728B705A32}.Debug|x64.Build.0 = Debug|x64
		{7E3E300C-E43E-45E3-7AFE-6C728B705A32}.Debug|x86.ActiveCfg = Debug|Win32
		{7E3E300C-E43E-45E3-7AFE-6C728B705A32}.Debug|x86.Build.0 = Debug|Win32
		{7E3E300C-E43E-45E3-7AFE-6C728B705A32}.Release|ARM.ActiveCfg = Release|ARM
		{7E3E300C-E43E-45E3-7AFE-6C728B705A32}.Release|ARM.Build.0 = Release|ARM
		{7E3E300C-E43E-45E3-7AFE-6C728B705A32}.Release|x64.ActiveCfg = Release|x64
		{7E3E300C-E43E-45E3-7AFE-6C728B705A32}.Release|x64.Build.0 = Release|x64
		{7E3E300C-E43E-45E3-7AFE-6C728B705A32}.Release|x86.ActiveCfg = Release|Win32
		{7E3E300C-E43E-45E3-7AFE-6C728B705A32}.Release|x86.Build.0 = Release|Win32
		{ABEF057D-44A3-6E92-15DC-03A220AF6AFC}.Debug|ARM.ActiveCfg = Debug|ARM
		{ABEF057D-44A3-6E92-15DC-03A220AF6AFC}.Debug|ARM.Build.0 = Debug|ARM
		{ABEF057D-44A3-6E92-15DC-03A220AF6AFC}.Debug|x64.ActiveCfg = Debug|x64
		{ABEF057D-44A3-6E92-15DC-03A220AF6AFC}.Debug|x64.Build.0 = Debug|x64
		{ABEF057D-44A3-6E92-15DC-03A220AF6AFC}.Debug|x86.ActiveCfg = Debug|Win32
		{ABEF057D-44A3-6E92-15DC-03A220AF6AFC}.Debug|x86.Build.0 = Debug|Win32
		{ABEF057D-44A3-6E92-15DC-03A220AF6AFC}.Release|ARM.ActiveCfg = Release|ARM
		{ABEF057D-44A3-6E92-15DC-03A220AF6AFC}.Release|ARM.Build.0 = Release|ARM
		{ABEF057D-44A3-6E92-15DC-03A220AF6AFC}.Release|x64.ActiveCfg = Release|x64
		{ABEF057D-44A3-6E92-15DC-03A220AF6AFC}.Release|x64.Build.0 = Release|x64
		{ABEF057D-44A3-6E92-15DC-03A220AF6AFC}.Release|x86.ActiveCfg = Release|Win32
		{ABEF057D-44A3-6E92-15DC-03A220AF6AFC}.Release|x86.Build.0 = Release|Win32
		{DBFED762-09FA-6D74-851D-9BB6E20584F6}.Debug|ARM.ActiveCfg = Debug|ARM
		{DBFED762-09FA-6D74-851D-9BB6E20584F6}.Debug|ARM.Build.0 = Debug|ARM
		{DBFED762-09FA-6D74-851D-9BB6E20584F6}.Debug|x64.ActiveCfg = Debug|x64
		{DBFED762-09FA-6D74-851D-9BB6E20584F6}.Debug|x64.Build.0 = Debug|x64
		{DBFED762-09FA-6D74-851D-9BB6E20584F6}.Debug|x86.ActiveCfg = Debug|Win32
		{DBFED762-09FA-6D74-851D-9BB6E20584F6}.Debug|x86.Build.0 = Debug|Win32
		{DBFED762-09FA-6D74-851D-9BB6E20584F6}.Release|ARM.ActiveCfg = Release|ARM
		{DBFED762-09FA-6D74-851D-9BB6E20584F6}.Release|ARM.Build.0 = Release|ARM
		{DBFED762-09FA-6D74-851D-9BB6E20584F6}.Release|x64.ActiveCfg = Release|x64
		{DBFED762-09FA-6D74-851D-9BB6E20584F6}.Release|x64.Build.0 = Release|x64
		{DBFED762-09FA-6D74-851D-9BB6E20584F6}.Release|x86.ActiveCfg = Release|Win32
		{DBFED762-09FA-6D74-851D-9BB6E20584F6}.Release|x86.Build.0 = Release|Win32
		{D42E649A-16F0-F02E-C9E0-4700295D3C78}.Debug|ARM.ActiveCfg = Debug|ARM
		{D42E649A-16F0-F02E-C9E0-4700295D3C78}.Debug|ARM.Build.0 = Debug|ARM
		{D42E649A-16F0-F02E-C9E0-4700295D3C78}.Debug|x64.ActiveCfg = Debug|x64
		{D42E649A-16F0-F02E-C9E0-4700295D3C78}.Debug|x64.Build.0 = Debug|x64
		{D42E649A-16F0-F02E-C9E0-4700295D3C78}.Debug|x86.ActiveCfg = Debug|Win32
		{D42E649A-16F0-F02E-C9E0-4700295D3C78}.Debug|x86.Build.0 = Debug|Win32
		{D42E649A-16F0-F02E-C9E0-4700295D3C78}.Release|ARM.ActiveCfg = Release|ARM
		{D42E649A-16F0-F02E-C9E0-4700295D3C78}.Release|ARM.Build.0 = Release|ARM
		{D42E649A-16F0-F02E-C9E0-4700295D3C78}.Release|x64.ActiveCfg = Release|x64
		{D42E649A-16F0-F02E-C9E0-4700295D3C78}.Release|x64.Build.0 = Release|x64
		{D42E649A-16F0-F02E-C9E0-4700295D3C78}.Release|x86.ActiveCfg = Release|Win32
		{D42E649A-16F0-F02E-C9E0-4700295D3C78}.Release|x86.Build.0 = Release|Win32
		{195002A7-E979-7387-6C9C-CFFF03DB1775}.Debug|ARM.ActiveCfg = Debug|ARM
		{195002A7-E979-7387-6C9C-CFFF03DB1775}.Debug|ARM.Build.0 = Debug|ARM
		{195002A7-E979-7387-6C9C-CFFF03DB1775}.Debug|x64.ActiveCfg = Debug|x64
		{195002A7-E979-7387-6C9C-CFFF03DB1775}.Debug|x64.Build.0 = Debug|x64
		{195002A7-E979-7387-6C9C-CFFF03DB1775}.Debug|x86.ActiveCfg = Debug|Win32
		{195002A7-E979-7387-6C9C-CFFF03DB1775}.Debug|x86.Build.0 = Debug|Win32
		{195002A7-E979-7387-6C9C-CFFF03DB1775}.Release|ARM.ActiveCfg = Release|ARM
		{195002A7-E979-7387-6C9C-CFFF03DB1775}.Release|ARM.Build.0 = Release|ARM
		{195002A7-E979-7387-6C9C-CFFF03DB1775}.Release|x64.ActiveCfg = Release|x64
		{195002A7-E979-7387-6C9C-CFFF03DB1775}.Release|x64.Build.0 = Release|x64
		{195002A7-E979-7387-6C9C-CFFF03DB1775}.Release|x86.ActiveCfg = Release|Win32
		{195002A7-E979-7387-6C9C-CFFF03DB1775}.Release|x86.Build.0 = Release|Win32
		{5CF061C0-EA5A-323E-2FFB-145A0C3D60A5}.Debug|ARM.ActiveCfg = Debug|ARM
		{5CF061C0-EA5A-323E-2FFB-145A0C3D60A5}.Debug|ARM.Build.0 = Debug|ARM
		{5CF061C0-EA5A-323E-2FFB-145A0C3D60A5}.Debug|x64.ActiveCfg = Debug|x64
		{5CF061C0-EA5A-323E-2FFB-145A0C3D60A5}.Debug|x64.Build.0 = Debug|x64
		{5CF061C0-EA5A-323E-2FFB-145A0C3D60A5}.Debug|x86.ActiveCfg = Debug|Win32
		{5CF061C0-EA5A-323E-2FFB-145A0C3D60A5}.Debug|x86.Build.0 = Debug|Win32
		{5CF061C0-EA5A-323E-2FFB-145A0C3D60A5}.Release|ARM.ActiveCfg = Release|ARM
		{5CF061C0-EA5A-323E-2FFB-145A0C3D60A5}.Release|ARM.Build.0 = Release|ARM
		{5CF061C0-EA5A-323E-2FFB-145A0C3D60A5}.Release|x64.ActiveCfg = Release|x64
		{5CF061C0-EA5A-323E-2FFB-145A0C3D60A5}.Release|x64.Build.0 = Release|x64
		{5CF061C0-EA5A-323E-2FFB-145A0C3D60A5}.Release|x86.ActiveCfg = Release|Win32
		{5CF061C0-EA5A-323E-2FFB-145A0C3D60A5}.Release|x86.Build.0 = Release|Win32
		{229C8CCC-D35C-ECDB-2B0C-27EE2CAC295B}.Debug|ARM.ActiveCfg = Debug|ARM
		{229C8CCC-D35C-ECDB-2B0C-27EE2CAC295B}.Debug|ARM.Build.0 = Debug|ARM
		{229C8CCC-D35C-ECDB-2B0C-27EE2CAC295B}.Debug|x64.ActiveCfg = Debug|x64
		{229C8CCC-D35C-ECDB-2B0C-27EE2CAC295B}.Debug|x64.Build.0 = Debug|x64
		{229C8CCC-D35C-ECDB-2B0C-27EE2CAC295B}.Debug|x86.ActiveCfg = Debug|Win32
		{229C8CCC-D35C-ECDB-2B0C-27EE2CAC295B}.Debug|x86.Build.0 = Debug|Win32
		{229C8CCC-D35C-ECDB-2B0C-27EE2CAC295B}.Release|ARM.ActiveCfg = Release|ARM
		{229C8CCC-D35C-ECDB-2B0C-27EE2CAC295B}.Release|ARM.Build.0 = Release|ARM
		{229C8CCC-D35C-ECDB-2B0C-27EE2CAC295B}.Release|x64.ActiveCfg = Release|x64
		{229C8CCC-D35C-ECDB-2B0C-27EE2CAC295B}.Release|x64.Build.0 = Release|x64
		{229C8CCC-D35C-ECDB-2B0C-27EE2CAC295B}.Release|x86.ActiveCfg = Release|Win32
		{229C8CCC-D35C-ECDB-2B0C-27EE2CAC295B}.Release|x86.Build.0 = Release|Win32
	EndGlobalSection
	GlobalSection(SolutionProperties) = preSolution
		HideSolutionNode = FALSE
	EndGlobalSection
	GlobalSection(NestedProjects) = preSolution
		{7E3E300C-E43E-45E3-7AFE-6C728B705A32} = {7A618F73-B5B1-48B5-9694-0CA3FB65AE33}
		{ABEF057D-44A3-6E92-15DC-03A220AF6AFC} = {7A618F73-B5B1-48B5-9694-0CA3FB65AE33}
		{DBFED762-09FA-6D74-851D-9BB6E20584F6} = {7A618F73-B5B1-48B5-9694-0CA3FB65AE33}
		{D42E649A-16F0-F02E-C9E0-4700295D3C78} = {7A618F73-B5B1-48B5-9694-0CA3FB65AE33}
		{195002A7-E979-7387-6C9C-CFFF03DB1775} = {7A618F73-B5B1-48B5-9694-0CA3FB65AE33}
		{5CF061C0-EA5A-323E-2FFB-145A0C3D60A5} = {7A618F73-B5B1-48B5-9694-0CA3FB65AE33}
		{229C8CCC-D35C-ECDB-2B0C-27EE2CAC295B} = {7A618F73-B5B1-48B5-9694-0CA3FB65AE33}
	EndGlobalSection
EndGlobal
